
Microsoft Visual Studio Solution File, Format Version 12.00
# Visual Studio 15
VisualStudioVersion = 15.0.27130.2024
MinimumVisualStudioVersion = 10.0.40219.1
Project("{FAE04EC0-301F-11D3-BF4B-00C04F79EFBC}") = "MiniDiagnostics", "MiniDiagnostics\MiniDiagnostics.csproj", "{69DF9D05-1D85-40C3-9ED0-AEAEBCD98C30}"
EndProject
Global
	GlobalSection(SolutionConfigurationPlatforms) = preSolution
		Debug|Any CPU = Debug|Any CPU
		Release|Any CPU = Release|Any CPU
	EndGlobalSection
	GlobalSection(ProjectConfigurationPlatforms) = postSolution
		{69DF9D05-1D85-40C3-9ED0-AEAEBCD98C30}.Debug|Any CPU.ActiveCfg = Debug|Any CPU
		{69DF9D05-1D85-40C3-9ED0-AEAEBCD98C30}.Debug|Any CPU.Build.0 = Debug|Any CPU
		{69DF9D05-1D85-40C3-9ED0-AEAEBCD98C30}.Release|Any CPU.ActiveCfg = Release|Any CPU
		{69DF9D05-1D85-40C3-9ED0-AEAEBCD98C30}.Release|Any CPU.Build.0 = Release|Any CPU
	EndGlobalSection
	GlobalSection(SolutionProperties) = preSolution
		HideSolutionNode = FALSE
	EndGlobalSection
	GlobalSection(ExtensibilityGlobals) = postSolution
		SolutionGuid = {BCFF6298-5297-4C45-8C71-7F5376FD6E9C}
	EndGlobalSection
EndGlobal
